
Microsoft Visual Studio Solution File, Format Version 12.00
# Visual Studio Version 16
VisualStudioVersion = 16.0.32510.428
MinimumVisualStudioVersion = 10.0.40219.1
Project("{FAE04EC0-301F-11D3-BF4B-00C04F79EFBC}") = "DailyReportAssignment", "DailyReportAssignment.csproj", "{57216247-CADF-4C68-B568-9FD34B417694}"
EndProject
Global
	GlobalSection(SolutionConfigurationPlatforms) = preSolution
		Debug|Any CPU = Debug|Any CPU
		Release|Any CPU = Release|Any CPU
	EndGlobalSection
	GlobalSection(ProjectConfigurationPlatforms) = postSolution
		{57216247-CADF-4C68-B568-9FD34B417694}.Debug|Any CPU.ActiveCfg = Debug|Any CPU
		{57216247-CADF-4C68-B568-9FD34B417694}.Debug|Any CPU.Build.0 = Debug|Any CPU
		{57216247-CADF-4C68-B568-9FD34B417694}.Release|Any CPU.ActiveCfg = Release|Any CPU
		{57216247-CADF-4C68-B568-9FD34B417694}.Release|Any CPU.Build.0 = Release|Any CPU
	EndGlobalSection
	GlobalSection(SolutionProperties) = preSolution
		HideSolutionNode = FALSE
	EndGlobalSection
	GlobalSection(ExtensibilityGlobals) = postSolution
		SolutionGuid = {C49751C6-E191-49F4-B2AB-4B0606A72CEA}
	EndGlobalSection
EndGlobal
