
Microsoft Visual Studio Solution File, Format Version 12.00
# Visual Studio Version 16
VisualStudioVersion = 16.0.32510.428
MinimumVisualStudioVersion = 10.0.40219.1
Project("{FAE04EC0-301F-11D3-BF4B-00C04F79EFBC}") = "MathOperationAssignment", "MathOperationAssignment.csproj", "{9EFA3ABF-5290-4535-9E18-7826A33873E8}"
EndProject
Global
	GlobalSection(SolutionConfigurationPlatforms) = preSolution
		Debug|Any CPU = Debug|Any CPU
		Release|Any CPU = Release|Any CPU
	EndGlobalSection
	GlobalSection(ProjectConfigurationPlatforms) = postSolution
		{9EFA3ABF-5290-4535-9E18-7826A33873E8}.Debug|Any CPU.ActiveCfg = Debug|Any CPU
		{9EFA3ABF-5290-4535-9E18-7826A33873E8}.Debug|Any CPU.Build.0 = Debug|Any CPU
		{9EFA3ABF-5290-4535-9E18-7826A33873E8}.Release|Any CPU.ActiveCfg = Release|Any CPU
		{9EFA3ABF-5290-4535-9E18-7826A33873E8}.Release|Any CPU.Build.0 = Release|Any CPU
	EndGlobalSection
	GlobalSection(SolutionProperties) = preSolution
		HideSolutionNode = FALSE
	EndGlobalSection
	GlobalSection(ExtensibilityGlobals) = postSolution
		SolutionGuid = {95E0F348-10E3-475B-A4F6-90F26EC168B8}
	EndGlobalSection
EndGlobal
