
Microsoft Visual Studio Solution File, Format Version 12.00
# Visual Studio Version 16
VisualStudioVersion = 16.0.32510.428
MinimumVisualStudioVersion = 10.0.40219.1
Project("{FAE04EC0-301F-11D3-BF4B-00C04F79EFBC}") = "DateTimeAssignment", "DateTimeAssignment.csproj", "{7F554656-031D-4C1F-B0BA-71C0B789314E}"
EndProject
Global
	GlobalSection(SolutionConfigurationPlatforms) = preSolution
		Debug|Any CPU = Debug|Any CPU
		Release|Any CPU = Release|Any CPU
	EndGlobalSection
	GlobalSection(ProjectConfigurationPlatforms) = postSolution
		{7F554656-031D-4C1F-B0BA-71C0B789314E}.Debug|Any CPU.ActiveCfg = Debug|Any CPU
		{7F554656-031D-4C1F-B0BA-71C0B789314E}.Debug|Any CPU.Build.0 = Debug|Any CPU
		{7F554656-031D-4C1F-B0BA-71C0B789314E}.Release|Any CPU.ActiveCfg = Release|Any CPU
		{7F554656-031D-4C1F-B0BA-71C0B789314E}.Release|Any CPU.Build.0 = Release|Any CPU
	EndGlobalSection
	GlobalSection(SolutionProperties) = preSolution
		HideSolutionNode = FALSE
	EndGlobalSection
	GlobalSection(ExtensibilityGlobals) = postSolution
		SolutionGuid = {1873B8D4-9A5F-40DB-9427-F49C84FCE144}
	EndGlobalSection
EndGlobal
