
Microsoft Visual Studio Solution File, Format Version 12.00
# Visual Studio Version 16
VisualStudioVersion = 16.0.32510.428
MinimumVisualStudioVersion = 10.0.40219.1
Project("{FAE04EC0-301F-11D3-BF4B-00C04F79EFBC}") = "myConsoleProject", "myConsoleProject.csproj", "{6EFD94DC-C0EA-461B-A254-C8CBBBDE5A6E}"
EndProject
Global
	GlobalSection(SolutionConfigurationPlatforms) = preSolution
		Debug|Any CPU = Debug|Any CPU
		Release|Any CPU = Release|Any CPU
	EndGlobalSection
	GlobalSection(ProjectConfigurationPlatforms) = postSolution
		{6EFD94DC-C0EA-461B-A254-C8CBBBDE5A6E}.Debug|Any CPU.ActiveCfg = Debug|Any CPU
		{6EFD94DC-C0EA-461B-A254-C8CBBBDE5A6E}.Debug|Any CPU.Build.0 = Debug|Any CPU
		{6EFD94DC-C0EA-461B-A254-C8CBBBDE5A6E}.Release|Any CPU.ActiveCfg = Release|Any CPU
		{6EFD94DC-C0EA-461B-A254-C8CBBBDE5A6E}.Release|Any CPU.Build.0 = Release|Any CPU
	EndGlobalSection
	GlobalSection(SolutionProperties) = preSolution
		HideSolutionNode = FALSE
	EndGlobalSection
	GlobalSection(ExtensibilityGlobals) = postSolution
		SolutionGuid = {A42DD871-8904-4BF6-8638-3ED37C4FDFB0}
	EndGlobalSection
EndGlobal
