
Microsoft Visual Studio Solution File, Format Version 12.00
# Visual Studio Version 16
VisualStudioVersion = 16.0.32510.428
MinimumVisualStudioVersion = 10.0.40219.1
Project("{FAE04EC0-301F-11D3-BF4B-00C04F79EFBC}") = "MethodAssignment", "MethodAssignment.csproj", "{9827B10D-D10D-43E6-902C-ADC897D31506}"
EndProject
Global
	GlobalSection(SolutionConfigurationPlatforms) = preSolution
		Debug|Any CPU = Debug|Any CPU
		Release|Any CPU = Release|Any CPU
	EndGlobalSection
	GlobalSection(ProjectConfigurationPlatforms) = postSolution
		{9827B10D-D10D-43E6-902C-ADC897D31506}.Debug|Any CPU.ActiveCfg = Debug|Any CPU
		{9827B10D-D10D-43E6-902C-ADC897D31506}.Debug|Any CPU.Build.0 = Debug|Any CPU
		{9827B10D-D10D-43E6-902C-ADC897D31506}.Release|Any CPU.ActiveCfg = Release|Any CPU
		{9827B10D-D10D-43E6-902C-ADC897D31506}.Release|Any CPU.Build.0 = Release|Any CPU
	EndGlobalSection
	GlobalSection(SolutionProperties) = preSolution
		HideSolutionNode = FALSE
	EndGlobalSection
	GlobalSection(ExtensibilityGlobals) = postSolution
		SolutionGuid = {EDF3BF2C-7CD8-4996-8BBA-B8FF87B263B4}
	EndGlobalSection
EndGlobal
